
Microsoft Visual Studio Solution File, Format Version 12.00
# Visual Studio 15
VisualStudioVersion = 15.0.26124.0
MinimumVisualStudioVersion = 15.0.26124.0
Project("{FAE04EC0-301F-11D3-BF4B-00C04F79EFBC}") = "StringOfSums", "StringOfSums\StringOfSums.csproj", "{89A972CB-7FC8-48A6-9067-F78FB00FE30A}"
EndProject
Project("{FAE04EC0-301F-11D3-BF4B-00C04F79EFBC}") = "Tests", "Tests\Tests.csproj", "{1F50F725-D360-49C4-A699-4800A6FB3B40}"
EndProject
Global
	GlobalSection(SolutionConfigurationPlatforms) = preSolution
		Debug|Any CPU = Debug|Any CPU
		Debug|x64 = Debug|x64
		Debug|x86 = Debug|x86
		Release|Any CPU = Release|Any CPU
		Release|x64 = Release|x64
		Release|x86 = Release|x86
	EndGlobalSection
	GlobalSection(SolutionProperties) = preSolution
		HideSolutionNode = FALSE
	EndGlobalSection
	GlobalSection(ProjectConfigurationPlatforms) = postSolution
		{89A972CB-7FC8-48A6-9067-F78FB00FE30A}.Debug|Any CPU.ActiveCfg = Debug|Any CPU
		{89A972CB-7FC8-48A6-9067-F78FB00FE30A}.Debug|Any CPU.Build.0 = Debug|Any CPU
		{89A972CB-7FC8-48A6-9067-F78FB00FE30A}.Debug|x64.ActiveCfg = Debug|Any CPU
		{89A972CB-7FC8-48A6-9067-F78FB00FE30A}.Debug|x64.Build.0 = Debug|Any CPU
		{89A972CB-7FC8-48A6-9067-F78FB00FE30A}.Debug|x86.ActiveCfg = Debug|Any CPU
		{89A972CB-7FC8-48A6-9067-F78FB00FE30A}.Debug|x86.Build.0 = Debug|Any CPU
		{89A972CB-7FC8-48A6-9067-F78FB00FE30A}.Release|Any CPU.ActiveCfg = Release|Any CPU
		{89A972CB-7FC8-48A6-9067-F78FB00FE30A}.Release|Any CPU.Build.0 = Release|Any CPU
		{89A972CB-7FC8-48A6-9067-F78FB00FE30A}.Release|x64.ActiveCfg = Release|Any CPU
		{89A972CB-7FC8-48A6-9067-F78FB00FE30A}.Release|x64.Build.0 = Release|Any CPU
		{89A972CB-7FC8-48A6-9067-F78FB00FE30A}.Release|x86.ActiveCfg = Release|Any CPU
		{89A972CB-7FC8-48A6-9067-F78FB00FE30A}.Release|x86.Build.0 = Release|Any CPU
		{1F50F725-D360-49C4-A699-4800A6FB3B40}.Debug|Any CPU.ActiveCfg = Debug|Any CPU
		{1F50F725-D360-49C4-A699-4800A6FB3B40}.Debug|Any CPU.Build.0 = Debug|Any CPU
		{1F50F725-D360-49C4-A699-4800A6FB3B40}.Debug|x64.ActiveCfg = Debug|Any CPU
		{1F50F725-D360-49C4-A699-4800A6FB3B40}.Debug|x64.Build.0 = Debug|Any CPU
		{1F50F725-D360-49C4-A699-4800A6FB3B40}.Debug|x86.ActiveCfg = Debug|Any CPU
		{1F50F725-D360-49C4-A699-4800A6FB3B40}.Debug|x86.Build.0 = Debug|Any CPU
		{1F50F725-D360-49C4-A699-4800A6FB3B40}.Release|Any CPU.ActiveCfg = Release|Any CPU
		{1F50F725-D360-49C4-A699-4800A6FB3B40}.Release|Any CPU.Build.0 = Release|Any CPU
		{1F50F725-D360-49C4-A699-4800A6FB3B40}.Release|x64.ActiveCfg = Release|Any CPU
		{1F50F725-D360-49C4-A699-4800A6FB3B40}.Release|x64.Build.0 = Release|Any CPU
		{1F50F725-D360-49C4-A699-4800A6FB3B40}.Release|x86.ActiveCfg = Release|Any CPU
		{1F50F725-D360-49C4-A699-4800A6FB3B40}.Release|x86.Build.0 = Release|Any CPU
	EndGlobalSection
EndGlobal
